
Microsoft Visual Studio Solution File, Format Version 12.00
# Visual Studio Version 17
VisualStudioVersion = 17.5.002.0
MinimumVisualStudioVersion = 10.0.40219.1
Project("{9A19103F-16F7-4668-BE54-9A1E7A4F7556}") = "ConsoleFormApp", "ConsoleFormApp.csproj", "{BEB47152-E6DF-465A-9B67-C5C6B8B8DBAA}"
EndProject
Global
	GlobalSection(SolutionConfigurationPlatforms) = preSolution
		Debug|Any CPU = Debug|Any CPU
		Release|Any CPU = Release|Any CPU
	EndGlobalSection
	GlobalSection(ProjectConfigurationPlatforms) = postSolution
		{BEB47152-E6DF-465A-9B67-C5C6B8B8DBAA}.Debug|Any CPU.ActiveCfg = Debug|Any CPU
		{BEB47152-E6DF-465A-9B67-C5C6B8B8DBAA}.Debug|Any CPU.Build.0 = Debug|Any CPU
		{BEB47152-E6DF-465A-9B67-C5C6B8B8DBAA}.Release|Any CPU.ActiveCfg = Release|Any CPU
		{BEB47152-E6DF-465A-9B67-C5C6B8B8DBAA}.Release|Any CPU.Build.0 = Release|Any CPU
	EndGlobalSection
	GlobalSection(SolutionProperties) = preSolution
		HideSolutionNode = FALSE
	EndGlobalSection
	GlobalSection(ExtensibilityGlobals) = postSolution
		SolutionGuid = {A8EBBA19-7C86-41B4-B328-1D29E595F0BF}
	EndGlobalSection
EndGlobal
